
Microsoft Visual Studio Solution File, Format Version 12.00
# Visual Studio Version 16
VisualStudioVersion = 16.0.30621.155
MinimumVisualStudioVersion = 10.0.40219.1
Project("{2150E333-8FDC-42A3-9474-1A3956D46DE8}") = "ValidationsExceptions", "ValidationsExceptions", "{8A1B347F-AAAA-4C66-8E41-645FFE8264BC}"
EndProject
Project("{2150E333-8FDC-42A3-9474-1A3956D46DE8}") = "Various", "Various", "{C254634E-1CE1-4C0A-9619-3E16E911731F}"
EndProject
Project("{2150E333-8FDC-42A3-9474-1A3956D46DE8}") = "ReadersWriters", "ReadersWriters", "{D32D5D09-7A5A-4699-A7BC-7675AED6F548}"
EndProject
Project("{9A19103F-16F7-4668-BE54-9A1E7A4F7556}") = "MinMaxAverage", "ValidationsExceptions\MinMaxAverage\MinMaxAverage.csproj", "{589667DF-810F-44C2-B4AB-26C70EFFAA06}"
EndProject
Project("{9A19103F-16F7-4668-BE54-9A1E7A4F7556}") = "MathWorld", "ValidationsExceptions\MathWorld\MathWorld.csproj", "{E5FD2662-6028-4767-8FAB-A1F6CD291BE1}"
EndProject
Project("{9A19103F-16F7-4668-BE54-9A1E7A4F7556}") = "Login", "ValidationsExceptions\Login\Login.csproj", "{E4E61BA9-2380-4AED-B2E4-FD85AD664C56}"
EndProject
Project("{9A19103F-16F7-4668-BE54-9A1E7A4F7556}") = "Collections", "ValidationsExceptions\Collections\Collections.csproj", "{3A9A6466-DB0D-46D1-8688-FBC2168B466A}"
EndProject
Project("{9A19103F-16F7-4668-BE54-9A1E7A4F7556}") = "UserManager", "ReadersWriters\UserManager\UserManager.csproj", "{3D1A56F5-3D18-4F31-8A90-010212B4054E}"
EndProject
Project("{9A19103F-16F7-4668-BE54-9A1E7A4F7556}") = "Lucks", "ReadersWriters\Lucks\Lucks.csproj", "{8B286A25-F64F-4694-9FA6-4D7FDAC7D3A2}"
EndProject
Project("{9A19103F-16F7-4668-BE54-9A1E7A4F7556}") = "LoginSystem", "ReadersWriters\LoginSystem\LoginSystem.csproj", "{4E4B7A12-63D5-4936-9059-08BC5AFFEA6C}"
EndProject
Project("{9A19103F-16F7-4668-BE54-9A1E7A4F7556}") = "CountDown", "Various\CountDown\CountDown.csproj", "{317515A1-53A7-412F-85AD-25B6CC3C0176}"
EndProject
Project("{9A19103F-16F7-4668-BE54-9A1E7A4F7556}") = "FoodOrder", "Various\FoodOrder\FoodOrder.csproj", "{F88F8F6E-0777-4D6B-B2FE-A1DA268EF6A2}"
EndProject
Project("{9A19103F-16F7-4668-BE54-9A1E7A4F7556}") = "Gallery", "Various\Gallery\Gallery.csproj", "{2944AA79-4249-4732-A51A-7950CC601215}"
EndProject
Project("{9A19103F-16F7-4668-BE54-9A1E7A4F7556}") = "RandomNumber", "Various\RandomNumber\RandomNumber.csproj", "{F86748A7-5BAE-4E71-841F-6047D1DAF76C}"
EndProject
Project("{9A19103F-16F7-4668-BE54-9A1E7A4F7556}") = "SlideShow", "Various\SlideShow\SlideShow.csproj", "{746D0C1F-D54A-47C8-B2F8-C8E2B7ED0F0B}"
EndProject
Global
	GlobalSection(SolutionConfigurationPlatforms) = preSolution
		Debug|Any CPU = Debug|Any CPU
		Release|Any CPU = Release|Any CPU
	EndGlobalSection
	GlobalSection(ProjectConfigurationPlatforms) = postSolution
		{589667DF-810F-44C2-B4AB-26C70EFFAA06}.Debug|Any CPU.ActiveCfg = Debug|Any CPU
		{589667DF-810F-44C2-B4AB-26C70EFFAA06}.Debug|Any CPU.Build.0 = Debug|Any CPU
		{589667DF-810F-44C2-B4AB-26C70EFFAA06}.Release|Any CPU.ActiveCfg = Release|Any CPU
		{589667DF-810F-44C2-B4AB-26C70EFFAA06}.Release|Any CPU.Build.0 = Release|Any CPU
		{E5FD2662-6028-4767-8FAB-A1F6CD291BE1}.Debug|Any CPU.ActiveCfg = Debug|Any CPU
		{E5FD2662-6028-4767-8FAB-A1F6CD291BE1}.Debug|Any CPU.Build.0 = Debug|Any CPU
		{E5FD2662-6028-4767-8FAB-A1F6CD291BE1}.Release|Any CPU.ActiveCfg = Release|Any CPU
		{E5FD2662-6028-4767-8FAB-A1F6CD291BE1}.Release|Any CPU.Build.0 = Release|Any CPU
		{E4E61BA9-2380-4AED-B2E4-FD85AD664C56}.Debug|Any CPU.ActiveCfg = Debug|Any CPU
		{E4E61BA9-2380-4AED-B2E4-FD85AD664C56}.Debug|Any CPU.Build.0 = Debug|Any CPU
		{E4E61BA9-2380-4AED-B2E4-FD85AD664C56}.Release|Any CPU.ActiveCfg = Release|Any CPU
		{E4E61BA9-2380-4AED-B2E4-FD85AD664C56}.Release|Any CPU.Build.0 = Release|Any CPU
		{3A9A6466-DB0D-46D1-8688-FBC2168B466A}.Debug|Any CPU.ActiveCfg = Debug|Any CPU
		{3A9A6466-DB0D-46D1-8688-FBC2168B466A}.Debug|Any CPU.Build.0 = Debug|Any CPU
		{3A9A6466-DB0D-46D1-8688-FBC2168B466A}.Release|Any CPU.ActiveCfg = Release|Any CPU
		{3A9A6466-DB0D-46D1-8688-FBC2168B466A}.Release|Any CPU.Build.0 = Release|Any CPU
		{3D1A56F5-3D18-4F31-8A90-010212B4054E}.Debug|Any CPU.ActiveCfg = Debug|Any CPU
		{3D1A56F5-3D18-4F31-8A90-010212B4054E}.Debug|Any CPU.Build.0 = Debug|Any CPU
		{3D1A56F5-3D18-4F31-8A90-010212B4054E}.Release|Any CPU.ActiveCfg = Release|Any CPU
		{3D1A56F5-3D18-4F31-8A90-010212B4054E}.Release|Any CPU.Build.0 = Release|Any CPU
		{8B286A25-F64F-4694-9FA6-4D7FDAC7D3A2}.Debug|Any CPU.ActiveCfg = Debug|Any CPU
		{8B286A25-F64F-4694-9FA6-4D7FDAC7D3A2}.Debug|Any CPU.Build.0 = Debug|Any CPU
		{8B286A25-F64F-4694-9FA6-4D7FDAC7D3A2}.Release|Any CPU.ActiveCfg = Release|Any CPU
		{8B286A25-F64F-4694-9FA6-4D7FDAC7D3A2}.Release|Any CPU.Build.0 = Release|Any CPU
		{4E4B7A12-63D5-4936-9059-08BC5AFFEA6C}.Debug|Any CPU.ActiveCfg = Debug|Any CPU
		{4E4B7A12-63D5-4936-9059-08BC5AFFEA6C}.Debug|Any CPU.Build.0 = Debug|Any CPU
		{4E4B7A12-63D5-4936-9059-08BC5AFFEA6C}.Release|Any CPU.ActiveCfg = Release|Any CPU
		{4E4B7A12-63D5-4936-9059-08BC5AFFEA6C}.Release|Any CPU.Build.0 = Release|Any CPU
		{317515A1-53A7-412F-85AD-25B6CC3C0176}.Debug|Any CPU.ActiveCfg = Debug|Any CPU
		{317515A1-53A7-412F-85AD-25B6CC3C0176}.Debug|Any CPU.Build.0 = Debug|Any CPU
		{317515A1-53A7-412F-85AD-25B6CC3C0176}.Release|Any CPU.ActiveCfg = Release|Any CPU
		{317515A1-53A7-412F-85AD-25B6CC3C0176}.Release|Any CPU.Build.0 = Release|Any CPU
		{F88F8F6E-0777-4D6B-B2FE-A1DA268EF6A2}.Debug|Any CPU.ActiveCfg = Debug|Any CPU
		{F88F8F6E-0777-4D6B-B2FE-A1DA268EF6A2}.Debug|Any CPU.Build.0 = Debug|Any CPU
		{F88F8F6E-0777-4D6B-B2FE-A1DA268EF6A2}.Release|Any CPU.ActiveCfg = Release|Any CPU
		{F88F8F6E-0777-4D6B-B2FE-A1DA268EF6A2}.Release|Any CPU.Build.0 = Release|Any CPU
		{2944AA79-4249-4732-A51A-7950CC601215}.Debug|Any CPU.ActiveCfg = Debug|Any CPU
		{2944AA79-4249-4732-A51A-7950CC601215}.Debug|Any CPU.Build.0 = Debug|Any CPU
		{2944AA79-4249-4732-A51A-7950CC601215}.Release|Any CPU.ActiveCfg = Release|Any CPU
		{2944AA79-4249-4732-A51A-7950CC601215}.Release|Any CPU.Build.0 = Release|Any CPU
		{F86748A7-5BAE-4E71-841F-6047D1DAF76C}.Debug|Any CPU.ActiveCfg = Debug|Any CPU
		{F86748A7-5BAE-4E71-841F-6047D1DAF76C}.Debug|Any CPU.Build.0 = Debug|Any CPU
		{F86748A7-5BAE-4E71-841F-6047D1DAF76C}.Release|Any CPU.ActiveCfg = Release|Any CPU
		{F86748A7-5BAE-4E71-841F-6047D1DAF76C}.Release|Any CPU.Build.0 = Release|Any CPU
		{746D0C1F-D54A-47C8-B2F8-C8E2B7ED0F0B}.Debug|Any CPU.ActiveCfg = Debug|Any CPU
		{746D0C1F-D54A-47C8-B2F8-C8E2B7ED0F0B}.Debug|Any CPU.Build.0 = Debug|Any CPU
		{746D0C1F-D54A-47C8-B2F8-C8E2B7ED0F0B}.Release|Any CPU.ActiveCfg = Release|Any CPU
		{746D0C1F-D54A-47C8-B2F8-C8E2B7ED0F0B}.Release|Any CPU.Build.0 = Release|Any CPU
	EndGlobalSection
	GlobalSection(SolutionProperties) = preSolution
		HideSolutionNode = FALSE
	EndGlobalSection
	GlobalSection(NestedProjects) = preSolution
		{589667DF-810F-44C2-B4AB-26C70EFFAA06} = {8A1B347F-AAAA-4C66-8E41-645FFE8264BC}
		{E5FD2662-6028-4767-8FAB-A1F6CD291BE1} = {8A1B347F-AAAA-4C66-8E41-645FFE8264BC}
		{E4E61BA9-2380-4AED-B2E4-FD85AD664C56} = {8A1B347F-AAAA-4C66-8E41-645FFE8264BC}
		{3A9A6466-DB0D-46D1-8688-FBC2168B466A} = {8A1B347F-AAAA-4C66-8E41-645FFE8264BC}
		{3D1A56F5-3D18-4F31-8A90-010212B4054E} = {D32D5D09-7A5A-4699-A7BC-7675AED6F548}
		{8B286A25-F64F-4694-9FA6-4D7FDAC7D3A2} = {D32D5D09-7A5A-4699-A7BC-7675AED6F548}
		{4E4B7A12-63D5-4936-9059-08BC5AFFEA6C} = {D32D5D09-7A5A-4699-A7BC-7675AED6F548}
		{317515A1-53A7-412F-85AD-25B6CC3C0176} = {C254634E-1CE1-4C0A-9619-3E16E911731F}
		{F88F8F6E-0777-4D6B-B2FE-A1DA268EF6A2} = {C254634E-1CE1-4C0A-9619-3E16E911731F}
		{2944AA79-4249-4732-A51A-7950CC601215} = {C254634E-1CE1-4C0A-9619-3E16E911731F}
		{F86748A7-5BAE-4E71-841F-6047D1DAF76C} = {C254634E-1CE1-4C0A-9619-3E16E911731F}
		{746D0C1F-D54A-47C8-B2F8-C8E2B7ED0F0B} = {C254634E-1CE1-4C0A-9619-3E16E911731F}
	EndGlobalSection
	GlobalSection(ExtensibilityGlobals) = postSolution
		SolutionGuid = {A89C493B-3A7E-4B1A-A4BA-9164AFF15CD0}
	EndGlobalSection
EndGlobal
